
Microsoft Visual Studio Solution File, Format Version 12.00
# Visual Studio Version 16
VisualStudioVersion = 16.0.29728.190
MinimumVisualStudioVersion = 10.0.40219.1
Project("{FAE04EC0-301F-11D3-BF4B-00C04F79EFBC}") = "WalletManager.API", "WalletManager.API\WalletManager.API.csproj", "{929F7C6F-86BA-44DE-9E2D-B3BDDE65DD19}"
EndProject
Project("{FAE04EC0-301F-11D3-BF4B-00C04F79EFBC}") = "WalletManager.Data", "WalletManager.Data\WalletManager.Data.csproj", "{87C0631D-C7B0-4897-B056-71E6FBC1424C}"
EndProject
Global
	GlobalSection(SolutionConfigurationPlatforms) = preSolution
		Debug|Any CPU = Debug|Any CPU
		Release|Any CPU = Release|Any CPU
	EndGlobalSection
	GlobalSection(ProjectConfigurationPlatforms) = postSolution
		{929F7C6F-86BA-44DE-9E2D-B3BDDE65DD19}.Debug|Any CPU.ActiveCfg = Debug|Any CPU
		{929F7C6F-86BA-44DE-9E2D-B3BDDE65DD19}.Debug|Any CPU.Build.0 = Debug|Any CPU
		{929F7C6F-86BA-44DE-9E2D-B3BDDE65DD19}.Release|Any CPU.ActiveCfg = Release|Any CPU
		{929F7C6F-86BA-44DE-9E2D-B3BDDE65DD19}.Release|Any CPU.Build.0 = Release|Any CPU
		{87C0631D-C7B0-4897-B056-71E6FBC1424C}.Debug|Any CPU.ActiveCfg = Debug|Any CPU
		{87C0631D-C7B0-4897-B056-71E6FBC1424C}.Debug|Any CPU.Build.0 = Debug|Any CPU
		{87C0631D-C7B0-4897-B056-71E6FBC1424C}.Release|Any CPU.ActiveCfg = Release|Any CPU
		{87C0631D-C7B0-4897-B056-71E6FBC1424C}.Release|Any CPU.Build.0 = Release|Any CPU
	EndGlobalSection
	GlobalSection(SolutionProperties) = preSolution
		HideSolutionNode = FALSE
	EndGlobalSection
	GlobalSection(ExtensibilityGlobals) = postSolution
		SolutionGuid = {02D7EC18-7CF4-40C2-A79B-9CF4FD7B1D32}
	EndGlobalSection
EndGlobal
